
Microsoft Visual Studio Solution File, Format Version 12.00
Project("{FAE04EC0-301F-11D3-BF4B-00C04F79EFBC}") = "smo-backend", ".\smo-backend.csproj", "{6111E7A5-C7AD-4224-910C-3A8B438C4EE3}"
EndProject
Global
	GlobalSection(SolutionConfigurationPlatforms) = preSolution
		Debug|Any CPU = Debug|Any CPU
		Release|Any CPU = Release|Any CPU
	EndGlobalSection
	GlobalSection(ProjectConfigurationPlatforms) = postSolution
		{6111E7A5-C7AD-4224-910C-3A8B438C4EE3}.Debug|Any CPU.ActiveCfg = Debug|Any CPU
		{6111E7A5-C7AD-4224-910C-3A8B438C4EE3}.Debug|Any CPU.Build.0 = Debug|Any CPU
		{6111E7A5-C7AD-4224-910C-3A8B438C4EE3}.Release|Any CPU.ActiveCfg = Release|Any CPU
		{6111E7A5-C7AD-4224-910C-3A8B438C4EE3}.Release|Any CPU.Build.0 = Release|Any CPU
	EndGlobalSection
EndGlobal
